PODS:
  - AUAccount (0.2.6):
    - SSKeychain
  - SSKeychain (1.2.3)

DEPENDENCIES:
  - AUAccount (from `../`)

EXTERNAL SOURCES:
  AUAccount:
    :path: "../"

SPEC CHECKSUMS:
  AUAccount: dc3d35e26d357b0c65445419b1ed605c7e5e6744
  SSKeychain: 3f42991739c6c60a9cf1bbd4dff6c0d3694bcf3d

COCOAPODS: 0.38.2
